// !$*UTF8*$!
{
	archiveVersion = 1;
	classes = {
	};
	objectVersion = 46;
	objects = {

/* Begin PBXBuildFile section */
		88C2F8101C80199A000BA8D5 /* AppDelegate.swift in Sources */ = {isa = PBXBuildFile; fileRef = 88C2F80F1C80199A000BA8D5 /* AppDelegate.swift */; };
		88C2F8121C80199A000BA8D5 /* GameViewController.swift in Sources */ = {isa = PBXBuildFile; fileRef = 88C2F8111C80199A000BA8D5 /* GameViewController.swift */; };
		88C2F8141C80199A000BA8D5 /* Shaders.metal in Sources */ = {isa = PBXBuildFile; fileRef = 88C2F8131C80199A000BA8D5 /* Shaders.metal */; };
		88C2F8161C80199A000BA8D5 /* Assets.xcassets in Resources */ = {isa = PBXBuildFile; fileRef = 88C2F8151C80199A000BA8D5 /* Assets.xcassets */; };
		88C2F8191C80199A000BA8D5 /* MainMenu.xib in Resources */ = {isa = PBXBuildFile; fileRef = 88C2F8171C80199A000BA8D5 /* MainMenu.xib */; };
		88C2F8241C80199A000BA8D5 /* DistanceFieldTests.swift in Sources */ = {isa = PBXBuildFile; fileRef = 88C2F8231C80199A000BA8D5 /* DistanceFieldTests.swift */; };
		88C2F82F1C80199B000BA8D5 /* DistanceFieldUITests.swift in Sources */ = {isa = PBXBuildFile; fileRef = 88C2F82E1C80199B000BA8D5 /* DistanceFieldUITests.swift */; };
		88C2F83D1C801AAE000BA8D5 /* Camera.swift in Sources */ = {isa = PBXBuildFile; fileRef = 88C2F83C1C801AAE000BA8D5 /* Camera.swift */; };
/* End PBXBuildFile section */

/* Begin PBXContainerItemProxy section */
		88C2F8201C80199A000BA8D5 /* PBXContainerItemProxy */ = {
			isa = PBXContainerItemProxy;
			containerPortal = 88C2F8041C80199A000BA8D5 /* Project object */;
			proxyType = 1;
			remoteGlobalIDString = 88C2F80B1C80199A000BA8D5;
			remoteInfo = DistanceField;
		};
		88C2F82B1C80199A000BA8D5 /* PBXContainerItemProxy */ = {
			isa = PBXContainerItemProxy;
			containerPortal = 88C2F8041C80199A000BA8D5 /* Project object */;
			proxyType = 1;
			remoteGlobalIDString = 88C2F80B1C80199A000BA8D5;
			remoteInfo = DistanceField;
		};
/* End PBXContainerItemProxy section */

/* Begin PBXFileReference section */
		88C2F80C1C80199A000BA8D5 /* DistanceField.app */ = {isa = PBXFileReference; explicitFileType = wrapper.application; includeInIndex = 0; path = DistanceField.app; sourceTree = BUILT_PRODUCTS_DIR; };
		88C2F80F1C80199A000BA8D5 /* AppDelegate.swift */ = {isa = PBXFileReference; lastKnownFileType = sourcecode.swift; path = AppDelegate.swift; sourceTree = "<group>"; };
		88C2F8111C80199A000BA8D5 /* GameViewController.swift */ = {isa = PBXFileReference; lastKnownFileType = sourcecode.swift; path = GameViewController.swift; sourceTree = "<group>"; };
		88C2F8131C80199A000BA8D5 /* Shaders.metal */ = {isa = PBXFileReference; lastKnownFileType = sourcecode.metal; path = Shaders.metal; sourceTree = "<group>"; };
		88C2F8151C80199A000BA8D5 /* Assets.xcassets */ = {isa = PBXFileReference; lastKnownFileType = folder.assetcatalog; path = Assets.xcassets; sourceTree = "<group>"; };
		88C2F8181C80199A000BA8D5 /* Base */ = {isa = PBXFileReference; lastKnownFileType = file.xib; name = Base; path = Base.lproj/MainMenu.xib; sourceTree = "<group>"; };
		88C2F81A1C80199A000BA8D5 /* Info.plist */ = {isa = PBXFileReference; lastKnownFileType = text.plist.xml; path = Info.plist; sourceTree = "<group>"; };
		88C2F81F1C80199A000BA8D5 /* DistanceFieldTests.xctest */ = {isa = PBXFileReference; explicitFileType = wrapper.cfbundle; includeInIndex = 0; path = DistanceFieldTests.xctest; sourceTree = BUILT_PRODUCTS_DIR; };
		88C2F8231C80199A000BA8D5 /* DistanceFieldTests.swift */ = {isa = PBXFileReference; lastKnownFileType = sourcecode.swift; path = DistanceFieldTests.swift; sourceTree = "<group>"; };
		88C2F8251C80199A000BA8D5 /* Info.plist */ = {isa = PBXFileReference; lastKnownFileType = text.plist.xml; path = Info.plist; sourceTree = "<group>"; };
		88C2F82A1C80199A000BA8D5 /* DistanceFieldUITests.xctest */ = {isa = PBXFileReference; explicitFileType = wrapper.cfbundle; includeInIndex = 0; path = DistanceFieldUITests.xctest; sourceTree = BUILT_PRODUCTS_DIR; };
		88C2F82E1C80199B000BA8D5 /* DistanceFieldUITests.swift */ = {isa = PBXFileReference; lastKnownFileType = sourcecode.swift; path = DistanceFieldUITests.swift; sourceTree = "<group>"; };
		88C2F8301C80199B000BA8D5 /* Info.plist */ = {isa = PBXFileReference; lastKnownFileType = text.plist.xml; path = Info.plist; sourceTree = "<group>"; };
		88C2F83C1C801AAE000BA8D5 /* Camera.swift */ = {isa = PBXFileReference; fileEncoding = 4; lastKnownFileType = sourcecode.swift; path = Camera.swift; sourceTree = "<group>"; };
		88C2F8401C802707000BA8D5 /* Params.h */ = {isa = PBXFileReference; lastKnownFileType = sourcecode.c.h; path = Params.h; sourceTree = "<group>"; };
/* End PBXFileReference section */

/* Begin PBXFrameworksBuildPhase section */
		88C2F8091C80199A000BA8D5 /* Frameworks */ = {
			isa = PBXFrameworksBuildPhase;
			buildActionMask = 2147483647;
			files = (
			);
			runOnlyForDeploymentPostprocessing = 0;
		};
		88C2F81C1C80199A000BA8D5 /* Frameworks */ = {
			isa = PBXFrameworksBuildPhase;
			buildActionMask = 2147483647;
			files = (
			);
			runOnlyForDeploymentPostprocessing = 0;
		};
		88C2F8271C80199A000BA8D5 /* Frameworks */ = {
			isa = PBXFrameworksBuildPhase;
			buildActionMask = 2147483647;
			files = (
			);
			runOnlyForDeploymentPostprocessing = 0;
		};
/* End PBXFrameworksBuildPhase section */

/* Begin PBXGroup section */
		88C2F8031C80199A000BA8D5 = {
			isa = PBXGroup;
			children = (
				88C2F80E1C80199A000BA8D5 /* DistanceField */,
				88C2F8221C80199A000BA8D5 /* DistanceFieldTests */,
				88C2F82D1C80199A000BA8D5 /* DistanceFieldUITests */,
				88C2F80D1C80199A000BA8D5 /* Products */,
			);
			sourceTree = "<group>";
		};
		88C2F80D1C80199A000BA8D5 /* Products */ = {
			isa = PBXGroup;
			children = (
				88C2F80C1C80199A000BA8D5 /* DistanceField.app */,
				88C2F81F1C80199A000BA8D5 /* DistanceFieldTests.xctest */,
				88C2F82A1C80199A000BA8D5 /* DistanceFieldUITests.xctest */,
			);
			name = Products;
			sourceTree = "<group>";
		};
		88C2F80E1C80199A000BA8D5 /* DistanceField */ = {
			isa = PBXGroup;
			children = (
				88C2F80F1C80199A000BA8D5 /* AppDelegate.swift */,
				88C2F8111C80199A000BA8D5 /* GameViewController.swift */,
				88C2F8131C80199A000BA8D5 /* Shaders.metal */,
				88C2F83C1C801AAE000BA8D5 /* Camera.swift */,
				88C2F8151C80199A000BA8D5 /* Assets.xcassets */,
				88C2F8171C80199A000BA8D5 /* MainMenu.xib */,
				88C2F81A1C80199A000BA8D5 /* Info.plist */,
				88C2F8401C802707000BA8D5 /* Params.h */,
			);
			path = DistanceField;
			sourceTree = "<group>";
		};
		88C2F8221C80199A000BA8D5 /* DistanceFieldTests */ = {
			isa = PBXGroup;
			children = (
				88C2F8231C80199A000BA8D5 /* DistanceFieldTests.swift */,
				88C2F8251C80199A000BA8D5 /* Info.plist */,
			);
			path = DistanceFieldTests;
			sourceTree = "<group>";
		};
		88C2F82D1C80199A000BA8D5 /* DistanceFieldUITests */ = {
			isa = PBXGroup;
			children = (
				88C2F82E1C80199B000BA8D5 /* DistanceFieldUITests.swift */,
				88C2F8301C80199B000BA8D5 /* Info.plist */,
			);
			path = DistanceFieldUITests;
			sourceTree = "<group>";
		};
/* End PBXGroup section */

/* Begin PBXNativeTarget section */
		88C2F80B1C80199A000BA8D5 /* DistanceField */ = {
			isa = PBXNativeTarget;
			buildConfigurationList = 88C2F8331C80199B000BA8D5 /* Build configuration list for PBXNativeTarget "DistanceField" */;
			buildPhases = (
				88C2F8081C80199A000BA8D5 /* Sources */,
				88C2F8091C80199A000BA8D5 /* Frameworks */,
				88C2F80A1C80199A000BA8D5 /* Resources */,
			);
			buildRules = (
			);
			dependencies = (
			);
			name = DistanceField;
			productName = DistanceField;
			productReference = 88C2F80C1C80199A000BA8D5 /* DistanceField.app */;
			productType = "com.apple.product-type.application";
		};
		88C2F81E1C80199A000BA8D5 /* DistanceFieldTests */ = {
			isa = PBXNativeTarget;
			buildConfigurationList = 88C2F8361C80199B000BA8D5 /* Build configuration list for PBXNativeTarget "DistanceFieldTests" */;
			buildPhases = (
				88C2F81B1C80199A000BA8D5 /* Sources */,
				88C2F81C1C80199A000BA8D5 /* Frameworks */,
				88C2F81D1C80199A000BA8D5 /* Resources */,
			);
			buildRules = (
			);
			dependencies = (
				88C2F8211C80199A000BA8D5 /* PBXTargetDependency */,
			);
			name = DistanceFieldTests;
			productName = DistanceFieldTests;
			productReference = 88C2F81F1C80199A000BA8D5 /* DistanceFieldTests.xctest */;
			productType = "com.apple.product-type.bundle.unit-test";
		};
		88C2F8291C80199A000BA8D5 /* DistanceFieldUITests */ = {
			isa = PBXNativeTarget;
			buildConfigurationList = 88C2F8391C80199B000BA8D5 /* Build configuration list for PBXNativeTarget "DistanceFieldUITests" */;
			buildPhases = (
				88C2F8261C80199A000BA8D5 /* Sources */,
				88C2F8271C80199A000BA8D5 /* Frameworks */,
				88C2F8281C80199A000BA8D5 /* Resources */,
			);
			buildRules = (
			);
			dependencies = (
				88C2F82C1C80199A000BA8D5 /* PBXTargetDependency */,
			);
			name = DistanceFieldUITests;
			productName = DistanceFieldUITests;
			productReference = 88C2F82A1C80199A000BA8D5 /* DistanceFieldUITests.xctest */;
			productType = "com.apple.product-type.bundle.ui-testing";
		};
/* End PBXNativeTarget section */

/* Begin PBXProject section */
		88C2F8041C80199A000BA8D5 /* Project object */ = {
			isa = PBXProject;
			attributes = {
				LastSwiftUpdateCheck = 0720;
				LastUpgradeCheck = 0720;
				ORGANIZATIONNAME = "Robert Bu";
				TargetAttributes = {
					88C2F80B1C80199A000BA8D5 = {
						CreatedOnToolsVersion = 7.2;
					};
					88C2F81E1C80199A000BA8D5 = {
						CreatedOnToolsVersion = 7.2;
						TestTargetID = 88C2F80B1C80199A000BA8D5;
					};
					88C2F8291C80199A000BA8D5 = {
						CreatedOnToolsVersion = 7.2;
						TestTargetID = 88C2F80B1C80199A000BA8D5;
					};
				};
			};
			buildConfigurationList = 88C2F8071C80199A000BA8D5 /* Build configuration list for PBXProject "DistanceField" */;
			compatibilityVersion = "Xcode 3.2";
			developmentRegion = English;
			hasScannedForEncodings = 0;
			knownRegions = (
				en,
				Base,
			);
			mainGroup = 88C2F8031C80199A000BA8D5;
			productRefGroup = 88C2F80D1C80199A000BA8D5 /* Products */;
			projectDirPath = "";
			projectRoot = "";
			targets = (
				88C2F80B1C80199A000BA8D5 /* DistanceField */,
				88C2F81E1C80199A000BA8D5 /* DistanceFieldTests */,
				88C2F8291C80199A000BA8D5 /* DistanceFieldUITests */,
			);
		};
/* End PBXProject section */

/* Begin PBXResourcesBuildPhase section */
		88C2F80A1C80199A000BA8D5 /* Resources */ = {
			isa = PBXResourcesBuildPhase;
			buildActionMask = 2147483647;
			files = (
				88C2F8161C80199A000BA8D5 /* Assets.xcassets in Resources */,
				88C2F8191C80199A000BA8D5 /* MainMenu.xib in Resources */,
			);
			runOnlyForDeploymentPostprocessing = 0;
		};
		88C2F81D1C80199A000BA8D5 /* Resources */ = {
			isa = PBXResourcesBuildPhase;
			buildActionMask = 2147483647;
			files = (
			);
			runOnlyForDeploymentPostprocessing = 0;
		};
		88C2F8281C80199A000BA8D5 /* Resources */ = {
			isa = PBXResourcesBuildPhase;
			buildActionMask = 2147483647;
			files = (
			);
			runOnlyForDeploymentPostprocessing = 0;
		};
/* End PBXResourcesBuildPhase section */

/* Begin PBXSourcesBuildPhase section */
		88C2F8081C80199A000BA8D5 /* Sources */ = {
			isa = PBXSourcesBuildPhase;
			buildActionMask = 2147483647;
			files = (
				88C2F83D1C801AAE000BA8D5 /* Camera.swift in Sources */,
				88C2F8141C80199A000BA8D5 /* Shaders.metal in Sources */,
				88C2F8121C80199A000BA8D5 /* GameViewController.swift in Sources */,
				88C2F8101C80199A000BA8D5 /* AppDelegate.swift in Sources */,
			);
			runOnlyForDeploymentPostprocessing = 0;
		};
		88C2F81B1C80199A000BA8D5 /* Sources */ = {
			isa = PBXSourcesBuildPhase;
			buildActionMask = 2147483647;
			files = (
				88C2F8241C80199A000BA8D5 /* DistanceFieldTests.swift in Sources */,
			);
			runOnlyForDeploymentPostprocessing = 0;
		};
		88C2F8261C80199A000BA8D5 /* Sources */ = {
			isa = PBXSourcesBuildPhase;
			buildActionMask = 2147483647;
			files = (
				88C2F82F1C80199B000BA8D5 /* DistanceFieldUITests.swift in Sources */,
			);
			runOnlyForDeploymentPostprocessing = 0;
		};
/* End PBXSourcesBuildPhase section */

/* Begin PBXTargetDependency section */
		88C2F8211C80199A000BA8D5 /* PBXTargetDependency */ = {
			isa = PBXTargetDependency;
			target = 88C2F80B1C80199A000BA8D5 /* DistanceField */;
			targetProxy = 88C2F8201C80199A000BA8D5 /* PBXContainerItemProxy */;
		};
		88C2F82C1C80199A000BA8D5 /* PBXTargetDependency */ = {
			isa = PBXTargetDependency;
			target = 88C2F80B1C80199A000BA8D5 /* DistanceField */;
			targetProxy = 88C2F82B1C80199A000BA8D5 /* PBXContainerItemProxy */;
		};
/* End PBXTargetDependency section */

/* Begin PBXVariantGroup section */
		88C2F8171C80199A000BA8D5 /* MainMenu.xib */ = {
			isa = PBXVariantGroup;
			children = (
				88C2F8181C80199A000BA8D5 /* Base */,
			);
			name = MainMenu.xib;
			sourceTree = "<group>";
		};
/* End PBXVariantGroup section */

/* Begin XCBuildConfiguration section */
		88C2F8311C80199B000BA8D5 /* Debug */ = {
			isa = XCBuildConfiguration;
			buildSettings = {
				ALWAYS_SEARCH_USER_PATHS = NO;
				CLANG_CXX_LANGUAGE_STANDARD = "gnu++0x";
				CLANG_CXX_LIBRARY = "libc++";
				CLANG_ENABLE_MODULES = YES;
				CLANG_ENABLE_OBJC_ARC = YES;
				CLANG_WARN_BOOL_CONVERSION = YES;
				CLANG_WARN_CONSTANT_CONVERSION = YES;
				CLANG_WARN_DIRECT_OBJC_ISA_USAGE = YES_ERROR;
				CLANG_WARN_EMPTY_BODY = YES;
				CLANG_WARN_ENUM_CONVERSION = YES;
				CLANG_WARN_INT_CONVERSION = YES;
				CLANG_WARN_OBJC_ROOT_CLASS = YES_ERROR;
				CLANG_WARN_UNREACHABLE_CODE = YES;
				CLANG_WARN__DUPLICATE_METHOD_MATCH = YES;
				CODE_SIGN_IDENTITY = "-";
				COPY_PHASE_STRIP = NO;
				DEBUG_INFORMATION_FORMAT = "dwarf-with-dsym";
				ENABLE_STRICT_OBJC_MSGSEND = YES;
				ENABLE_TESTABILITY = YES;
				GCC_C_LANGUAGE_STANDARD = gnu99;
				GCC_DYNAMIC_NO_PIC = NO;
				GCC_NO_COMMON_BLOCKS = YES;
				GCC_OPTIMIZATION_LEVEL = 0;
				GCC_PREPROCESSOR_DEFINITIONS = (
					"DEBUG=1",
					"$(inherited)",
				);
				GCC_WARN_64_TO_32_BIT_CONVERSION = YES;
				GCC_WARN_ABOUT_RETURN_TYPE = YES_ERROR;
				GCC_WARN_UNDECLARED_SELECTOR = YES;
				GCC_WARN_UNINITIALIZED_AUTOS = YES_AGGRESSIVE;
				GCC_WARN_UNUSED_FUNCTION = YES;
				GCC_WARN_UNUSED_VARIABLE = YES;
				MACOSX_DEPLOYMENT_TARGET = 10.11;
				MTL_ENABLE_DEBUG_INFO = YES;
				ONLY_ACTIVE_ARCH = YES;
				SDKROOT = macosx;
				SWIFT_OPTIMIZATION_LEVEL = "-Onone";
			};
			name = Debug;
		};
		88C2F8321C80199B000BA8D5 /* Release */ = {
			isa = XCBuildConfiguration;
			buildSettings = {
				ALWAYS_SEARCH_USER_PATHS = NO;
				CLANG_CXX_LANGUAGE_STANDARD = "gnu++0x";
				CLANG_CXX_LIBRARY = "libc++";
				CLANG_ENABLE_MODULES = YES;
				CLANG_ENABLE_OBJC_ARC = YES;
				CLANG_WARN_BOOL_CONVERSION = YES;
				CLANG_WARN_CONSTANT_CONVERSION = YES;
				CLANG_WARN_DIRECT_OBJC_ISA_USAGE = YES_ERROR;
				CLANG_WARN_EMPTY_BODY = YES;
				CLANG_WARN_ENUM_CONVERSION = YES;
				CLANG_WARN_INT_CONVERSION = YES;
				CLANG_WARN_OBJC_ROOT_CLASS = YES_ERROR;
				CLANG_WARN_UNREACHABLE_CODE = YES;
				CLANG_WARN__DUPLICATE_METHOD_MATCH = YES;
				CODE_SIGN_IDENTITY = "-";
				COPY_PHASE_STRIP = NO;
				DEBUG_INFORMATION_FORMAT = "dwarf-with-dsym";
				ENABLE_NS_ASSERTIONS = NO;
				ENABLE_STRICT_OBJC_MSGSEND = YES;
				GCC_C_LANGUAGE_STANDARD = gnu99;
				GCC_NO_COMMON_BLOCKS = YES;
				GCC_WARN_64_TO_32_BIT_CONVERSION = YES;
				GCC_WARN_ABOUT_RETURN_TYPE = YES_ERROR;
				GCC_WARN_UNDECLARED_SELECTOR = YES;
				GCC_WARN_UNINITIALIZED_AUTOS = YES_AGGRESSIVE;
				GCC_WARN_UNUSED_FUNCTION = YES;
				GCC_WARN_UNUSED_VARIABLE = YES;
				MACOSX_DEPLOYMENT_TARGET = 10.11;
				MTL_ENABLE_DEBUG_INFO = NO;
				SDKROOT = macosx;
			};
			name = Release;
		};
		88C2F8341C80199B000BA8D5 /* Debug */ = {
			isa = XCBuildConfiguration;
			buildSettings = {
				ASSETCATALOG_COMPILER_APPICON_NAME = AppIcon;
				COMBINE_HIDPI_IMAGES = YES;
				INFOPLIST_FILE = DistanceField/Info.plist;
				LD_RUNPATH_SEARCH_PATHS = "$(inherited) @executable_path/../Frameworks";
				PRODUCT_BUNDLE_IDENTIFIER = com.gac.DistanceField;
				PRODUCT_NAME = "$(TARGET_NAME)";
			};
			name = Debug;
		};
		88C2F8351C80199B000BA8D5 /* Release */ = {
			isa = XCBuildConfiguration;
			buildSettings = {
				ASSETCATALOG_COMPILER_APPICON_NAME = AppIcon;
				COMBINE_HIDPI_IMAGES = YES;
				INFOPLIST_FILE = DistanceField/Info.plist;
				LD_RUNPATH_SEARCH_PATHS = "$(inherited) @executable_path/../Frameworks";
				PRODUCT_BUNDLE_IDENTIFIER = com.gac.DistanceField;
				PRODUCT_NAME = "$(TARGET_NAME)";
			};
			name = Release;
		};
		88C2F8371C80199B000BA8D5 /* Debug */ = {
			isa = XCBuildConfiguration;
			buildSettings = {
				BUNDLE_LOADER = "$(TEST_HOST)";
				COMBINE_HIDPI_IMAGES = YES;
				DEBUG_INFORMATION_FORMAT = dwarf;
				INFOPLIST_FILE = DistanceFieldTests/Info.plist;
				LD_RUNPATH_SEARCH_PATHS = "$(inherited) @executable_path/../Frameworks @loader_path/../Frameworks";
				PRODUCT_BUNDLE_IDENTIFIER = com.gac.DistanceFieldTests;
				PRODUCT_NAME = "$(TARGET_NAME)";
				TEST_HOST = "$(BUILT_PRODUCTS_DIR)/DistanceField.app/Contents/MacOS/DistanceField";
			};
			name = Debug;
		};
		88C2F8381C80199B000BA8D5 /* Release */ = {
			isa = XCBuildConfiguration;
			buildSettings = {
				BUNDLE_LOADER = "$(TEST_HOST)";
				COMBINE_HIDPI_IMAGES = YES;
				INFOPLIST_FILE = DistanceFieldTests/Info.plist;
				LD_RUNPATH_SEARCH_PATHS = "$(inherited) @executable_path/../Frameworks @loader_path/../Frameworks";
				PRODUCT_BUNDLE_IDENTIFIER = com.gac.DistanceFieldTests;
				PRODUCT_NAME = "$(TARGET_NAME)";
				TEST_HOST = "$(BUILT_PRODUCTS_DIR)/DistanceField.app/Contents/MacOS/DistanceField";
			};
			name = Release;
		};
		88C2F83A1C80199B000BA8D5 /* Debug */ = {
			isa = XCBuildConfiguration;
			buildSettings = {
				COMBINE_HIDPI_IMAGES = YES;
				DEBUG_INFORMATION_FORMAT = dwarf;
				INFOPLIST_FILE = DistanceFieldUITests/Info.plist;
				LD_RUNPATH_SEARCH_PATHS = "$(inherited) @executable_path/../Frameworks @loader_path/../Frameworks";
				PRODUCT_BUNDLE_IDENTIFIER = com.gac.DistanceFieldUITests;
				PRODUCT_NAME = "$(TARGET_NAME)";
				TEST_TARGET_NAME = DistanceField;
				USES_XCTRUNNER = YES;
			};
			name = Debug;
		};
		88C2F83B1C80199B000BA8D5 /* Release */ = {
			isa = XCBuildConfiguration;
			buildSettings = {
				COMBINE_HIDPI_IMAGES = YES;
				INFOPLIST_FILE = DistanceFieldUITests/Info.plist;
				LD_RUNPATH_SEARCH_PATHS = "$(inherited) @executable_path/../Frameworks @loader_path/../Frameworks";
				PRODUCT_BUNDLE_IDENTIFIER = com.gac.DistanceFieldUITests;
				PRODUCT_NAME = "$(TARGET_NAME)";
				TEST_TARGET_NAME = DistanceField;
				USES_XCTRUNNER = YES;
			};
			name = Release;
		};
/* End XCBuildConfiguration section */

/* Begin XCConfigurationList section */
		88C2F8071C80199A000BA8D5 /* Build configuration list for PBXProject "DistanceField" */ = {
			isa = XCConfigurationList;
			buildConfigurations = (
				88C2F8311C80199B000BA8D5 /* Debug */,
				88C2F8321C80199B000BA8D5 /* Release */,
			);
			defaultConfigurationIsVisible = 0;
			defaultConfigurationName = Release;
		};
		88C2F8331C80199B000BA8D5 /* Build configuration list for PBXNativeTarget "DistanceField" */ = {
			isa = XCConfigurationList;
			buildConfigurations = (
				88C2F8341C80199B000BA8D5 /* Debug */,
				88C2F8351C80199B000BA8D5 /* Release */,
			);
			defaultConfigurationIsVisible = 0;
			defaultConfigurationName = Release;
		};
		88C2F8361C80199B000BA8D5 /* Build configuration list for PBXNativeTarget "DistanceFieldTests" */ = {
			isa = XCConfigurationList;
			buildConfigurations = (
				88C2F8371C80199B000BA8D5 /* Debug */,
				88C2F8381C80199B000BA8D5 /* Release */,
			);
			defaultConfigurationIsVisible = 0;
			defaultConfigurationName = Release;
		};
		88C2F8391C80199B000BA8D5 /* Build configuration list for PBXNativeTarget "DistanceFieldUITests" */ = {
			isa = XCConfigurationList;
			buildConfigurations = (
				88C2F83A1C80199B000BA8D5 /* Debug */,
				88C2F83B1C80199B000BA8D5 /* Release */,
			);
			defaultConfigurationIsVisible = 0;
			defaultConfigurationName = Release;
		};
/* End XCConfigurationList section */
	};
	rootObject = 88C2F8041C80199A000BA8D5 /* Project object */;
}
